// !$*UTF8*$!
{
	archiveVersion = 1;
	classes = {
	};
	objectVersion = 55;
	objects = {

/* Begin PBXBuildFile section */
		2F1FC25828BD95F100938D23 /* Screen.swift in Sources */ = {isa = PBXBuildFile; fileRef = 2F1FC25728BD95F100938D23 /* Screen.swift */; };
		2F1FC25A28BD979000938D23 /* Binding.swift in Sources */ = {isa = PBXBuildFile; fileRef = 2F1FC25928BD979000938D23 /* Binding.swift */; };
		2F1FC25E28BF20B500938D23 /* Assets.xcassets in Resources */ = {isa = PBXBuildFile; fileRef = 2F1FC25D28BF20B500938D23 /* Assets.xcassets */; };
		2F48DFCE28BCBC700075DEA0 /* MemberAvatarButton.swift in Sources */ = {isa = PBXBuildFile; fileRef = 2F48DFCD28BCBC700075DEA0 /* MemberAvatarButton.swift */; };
		2F68DC4E28BF2D5500DB5C2A /* NetworkRepostitory.swift in Sources */ = {isa = PBXBuildFile; fileRef = 2F68DC4D28BF2D5500DB5C2A /* NetworkRepostitory.swift */; };
		2F68DC5428BF776000DB5C2A /* Transaction.swift in Sources */ = {isa = PBXBuildFile; fileRef = 2F68DC5328BF776000DB5C2A /* Transaction.swift */; };
		2F68DC5628BF776B00DB5C2A /* TransactionItem.swift in Sources */ = {isa = PBXBuildFile; fileRef = 2F68DC5528BF776B00DB5C2A /* TransactionItem.swift */; };
		2F68DC5828BF779E00DB5C2A /* TripMember.swift in Sources */ = {isa = PBXBuildFile; fileRef = 2F68DC5728BF779E00DB5C2A /* TripMember.swift */; };
		2F68DC5A28BF77B200DB5C2A /* TransactionExpenses.swift in Sources */ = {isa = PBXBuildFile; fileRef = 2F68DC5928BF77B200DB5C2A /* TransactionExpenses.swift */; };
		2F68DC5D28BF77D100DB5C2A /* TransactionSettlement.swift in Sources */ = {isa = PBXBuildFile; fileRef = 2F68DC5C28BF77D100DB5C2A /* TransactionSettlement.swift */; };
		2F68DC5F28BF780900DB5C2A /* Trip.swift in Sources */ = {isa = PBXBuildFile; fileRef = 2F68DC5E28BF780900DB5C2A /* Trip.swift */; };
		2F7355B528C0AE570080610B /* Headline1.swift in Sources */ = {isa = PBXBuildFile; fileRef = 2F7355B428C0AE570080610B /* Headline1.swift */; };
		2FA376EF28AE29C100B73E6F /* tribieApp.swift in Sources */ = {isa = PBXBuildFile; fileRef = 2FA376EE28AE29C100B73E6F /* tribieApp.swift */; };
		2FA376F128AE29C100B73E6F /* ContentView.swift in Sources */ = {isa = PBXBuildFile; fileRef = 2FA376F028AE29C100B73E6F /* ContentView.swift */; };
		2FA376F628AE29C300B73E6F /* Preview Assets.xcassets in Resources */ = {isa = PBXBuildFile; fileRef = 2FA376F528AE29C300B73E6F /* Preview Assets.xcassets */; };
		2FA376F828AE29C300B73E6F /* Persistence.swift in Sources */ = {isa = PBXBuildFile; fileRef = 2FA376F728AE29C300B73E6F /* Persistence.swift */; };
		2FA376FB28AE29C300B73E6F /* tribie.xcdatamodeld in Sources */ = {isa = PBXBuildFile; fileRef = 2FA376F928AE29C300B73E6F /* tribie.xcdatamodeld */; };
		2FA3770528AE29C300B73E6F /* tribieTests.swift in Sources */ = {isa = PBXBuildFile; fileRef = 2FA3770428AE29C300B73E6F /* tribieTests.swift */; };
		2FA3770F28AE29C300B73E6F /* tribieUITests.swift in Sources */ = {isa = PBXBuildFile; fileRef = 2FA3770E28AE29C300B73E6F /* tribieUITests.swift */; };
		2FA3771128AE29C300B73E6F /* tribieUITestsLaunchTests.swift in Sources */ = {isa = PBXBuildFile; fileRef = 2FA3771028AE29C300B73E6F /* tribieUITestsLaunchTests.swift */; };
		2FA628C928AF61D900F83B92 /* OutlinedButton.swift in Sources */ = {isa = PBXBuildFile; fileRef = 2FA628C628AF61D900F83B92 /* OutlinedButton.swift */; };
		2FA628CA28AF61D900F83B92 /* CircleButton.swift in Sources */ = {isa = PBXBuildFile; fileRef = 2FA628C728AF61D900F83B92 /* CircleButton.swift */; };
		2FA628CB28AF61D900F83B92 /* ElevatedButton.swift in Sources */ = {isa = PBXBuildFile; fileRef = 2FA628C828AF61D900F83B92 /* ElevatedButton.swift */; };
		2FA628CD28AF673E00F83B92 /* TextField.swift in Sources */ = {isa = PBXBuildFile; fileRef = 2FA628CC28AF673E00F83B92 /* TextField.swift */; };
		2FA628CF28AF676200F83B92 /* AsyncImage.swift in Sources */ = {isa = PBXBuildFile; fileRef = 2FA628CE28AF676200F83B92 /* AsyncImage.swift */; };
		2FA628D428AF682500F83B92 /* OnboardingView.swift in Sources */ = {isa = PBXBuildFile; fileRef = 2FA628D328AF682400F83B92 /* OnboardingView.swift */; };
		2FA628D628AF685C00F83B92 /* AuthView.swift in Sources */ = {isa = PBXBuildFile; fileRef = 2FA628D528AF685C00F83B92 /* AuthView.swift */; };
		2FA628E528AF6A6800F83B92 /* Colors.swift in Sources */ = {isa = PBXBuildFile; fileRef = 2FA628E228AF6A6800F83B92 /* Colors.swift */; };
		2FA628E628AF6A6800F83B92 /* Scheme.swift in Sources */ = {isa = PBXBuildFile; fileRef = 2FA628E328AF6A6800F83B92 /* Scheme.swift */; };
		2FA628EB28AF8BD400F83B92 /* NetworkManager.swift in Sources */ = {isa = PBXBuildFile; fileRef = 2FA628EA28AF8BD400F83B92 /* NetworkManager.swift */; };
		2FC8FA2D28C1A54C005B90A9 /* SwiftyBeaver in Frameworks */ = {isa = PBXBuildFile; productRef = 2FC8FA2C28C1A54C005B90A9 /* SwiftyBeaver */; };
		2FC8FA2F28C20810005B90A9 /* NumberField.swift in Sources */ = {isa = PBXBuildFile; fileRef = 2FC8FA2E28C20810005B90A9 /* NumberField.swift */; };
		2FC8FA3128C2D2B5005B90A9 /* Random.swift in Sources */ = {isa = PBXBuildFile; fileRef = 2FC8FA3028C2D2B5005B90A9 /* Random.swift */; };
		2FC8FA3328C361E9005B90A9 /* SignInResponse.swift in Sources */ = {isa = PBXBuildFile; fileRef = 2FC8FA3228C361E9005B90A9 /* SignInResponse.swift */; };
		2FC8FA3528C372CD005B90A9 /* AuthViewModel.swift in Sources */ = {isa = PBXBuildFile; fileRef = 2FC8FA3428C372CD005B90A9 /* AuthViewModel.swift */; };
		2FC8FA3728C375A5005B90A9 /* SignInRequest.swift in Sources */ = {isa = PBXBuildFile; fileRef = 2FC8FA3628C375A5005B90A9 /* SignInRequest.swift */; };
		2FC8FA3928C3BA32005B90A9 /* TripListView.swift in Sources */ = {isa = PBXBuildFile; fileRef = 2FC8FA3828C3BA32005B90A9 /* TripListView.swift */; };
		2FC8FA3B28C3BF73005B90A9 /* TripListViewModel.swift in Sources */ = {isa = PBXBuildFile; fileRef = 2FC8FA3A28C3BF73005B90A9 /* TripListViewModel.swift */; };
		2FC8FA3E28C3E185005B90A9 /* Loading.swift in Sources */ = {isa = PBXBuildFile; fileRef = 2FC8FA3D28C3E185005B90A9 /* Loading.swift */; };
		2FC8FA4028C56AFC005B90A9 /* TripFormView.swift in Sources */ = {isa = PBXBuildFile; fileRef = 2FC8FA3F28C56AFC005B90A9 /* TripFormView.swift */; };
		2FC8FA4228C56B0E005B90A9 /* TransactionFormView.swift in Sources */ = {isa = PBXBuildFile; fileRef = 2FC8FA4128C56B0E005B90A9 /* TransactionFormView.swift */; };
		2FC8FA4428C56B23005B90A9 /* TripFormViewModel.swift in Sources */ = {isa = PBXBuildFile; fileRef = 2FC8FA4328C56B23005B90A9 /* TripFormViewModel.swift */; };
		2FC8FA4628C56B31005B90A9 /* TransactionFormViewModel.swift in Sources */ = {isa = PBXBuildFile; fileRef = 2FC8FA4528C56B31005B90A9 /* TransactionFormViewModel.swift */; };
		2FC8FA4928C57461005B90A9 /* Link.swift in Sources */ = {isa = PBXBuildFile; fileRef = 2FC8FA4828C57461005B90A9 /* Link.swift */; };
		2FD3ECB928C5A67600CA9A6E /* ElevatedLink.swift in Sources */ = {isa = PBXBuildFile; fileRef = 2FD3ECB828C5A67500CA9A6E /* ElevatedLink.swift */; };
		2FD6221D28BAD0420012BA86 /* SettlementCard.swift in Sources */ = {isa = PBXBuildFile; fileRef = 2FD6221C28BAD0420012BA86 /* SettlementCard.swift */; };
		2FD6222028BAD05E0012BA86 /* SpendingCard.swift in Sources */ = {isa = PBXBuildFile; fileRef = 2FD6221F28BAD05E0012BA86 /* SpendingCard.swift */; };
		2FD6222328BAD0780012BA86 /* RecentTransactionCard.swift in Sources */ = {isa = PBXBuildFile; fileRef = 2FD6222228BAD0780012BA86 /* RecentTransactionCard.swift */; };
		2FD6222728BAFDCF0012BA86 /* MemberSpendingCard.swift in Sources */ = {isa = PBXBuildFile; fileRef = 2FD6222628BAFDCF0012BA86 /* MemberSpendingCard.swift */; };
		2FD6222B28BB03200012BA86 /* MemberListView.swift in Sources */ = {isa = PBXBuildFile; fileRef = 2FD6222A28BB03200012BA86 /* MemberListView.swift */; };
		2FD6222D28BB03420012BA86 /* TransactionListView.swift in Sources */ = {isa = PBXBuildFile; fileRef = 2FD6222C28BB03420012BA86 /* TransactionListView.swift */; };
		2FD6222F28BB03570012BA86 /* SettlementListView.swift in Sources */ = {isa = PBXBuildFile; fileRef = 2FD6222E28BB03570012BA86 /* SettlementListView.swift */; };
		2FD6223128BB037E0012BA86 /* MemberSpendingView.swift in Sources */ = {isa = PBXBuildFile; fileRef = 2FD6223028BB037E0012BA86 /* MemberSpendingView.swift */; };
		2FD6223328BB03F10012BA86 /* TripView.swift in Sources */ = {isa = PBXBuildFile; fileRef = 2FD6223228BB03F10012BA86 /* TripView.swift */; };
		2FD6223528BB04A70012BA86 /* MemberItemView.swift in Sources */ = {isa = PBXBuildFile; fileRef = 2FD6223428BB04A70012BA86 /* MemberItemView.swift */; };
		2FD6223828BB081A0012BA86 /* Header.swift in Sources */ = {isa = PBXBuildFile; fileRef = 2FD6223728BB081A0012BA86 /* Header.swift */; };
		2FD6223A28BB093C0012BA86 /* Body1.swift in Sources */ = {isa = PBXBuildFile; fileRef = 2FD6223928BB093C0012BA86 /* Body1.swift */; };
		2FD6223C28BB0A260012BA86 /* Footnote.swift in Sources */ = {isa = PBXBuildFile; fileRef = 2FD6223B28BB0A260012BA86 /* Footnote.swift */; };
		2FD6223F28BB0B370012BA86 /* MemberSelectCard.swift in Sources */ = {isa = PBXBuildFile; fileRef = 2FD6223E28BB0B370012BA86 /* MemberSelectCard.swift */; };
		2FD6224128BB0CF30012BA86 /* TextButton.swift in Sources */ = {isa = PBXBuildFile; fileRef = 2FD6224028BB0CF30012BA86 /* TextButton.swift */; };
		2FD6224328BB0D840012BA86 /* Title1.swift in Sources */ = {isa = PBXBuildFile; fileRef = 2FD6224228BB0D840012BA86 /* Title1.swift */; };
		2FD6224528BB0EA60012BA86 /* Caption1.swift in Sources */ = {isa = PBXBuildFile; fileRef = 2FD6224428BB0EA60012BA86 /* Caption1.swift */; };
		2FD6224828BB0F3E0012BA86 /* Card.swift in Sources */ = {isa = PBXBuildFile; fileRef = 2FD6224728BB0F3E0012BA86 /* Card.swift */; };
		2FD6224A28BB11280012BA86 /* ImageButton.swift in Sources */ = {isa = PBXBuildFile; fileRef = 2FD6224928BB11280012BA86 /* ImageButton.swift */; };
		2FD6224D28BB13440012BA86 /* LinkButton.swift in Sources */ = {isa = PBXBuildFile; fileRef = 2FD6224C28BB13440012BA86 /* LinkButton.swift */; };
		2FD6225028BB17E60012BA86 /* Divider.swift in Sources */ = {isa = PBXBuildFile; fileRef = 2FD6224F28BB17E60012BA86 /* Divider.swift */; };
		2FD6225228BB187A0012BA86 /* SplitBillView.swift in Sources */ = {isa = PBXBuildFile; fileRef = 2FD6225128BB187A0012BA86 /* SplitBillView.swift */; };
		2FD6225528BB19CF0012BA86 /* Alamofire in Frameworks */ = {isa = PBXBuildFile; productRef = 2FD6225428BB19CF0012BA86 /* Alamofire */; };
		2FD6226D28BB1A340012BA86 /* SwiftyJSON in Frameworks */ = {isa = PBXBuildFile; productRef = 2FD6226C28BB1A340012BA86 /* SwiftyJSON */; };
		2FD6227028BB1A600012BA86 /* State.swift in Sources */ = {isa = PBXBuildFile; fileRef = 2FD6226F28BB1A600012BA86 /* State.swift */; };
		2FD6227228BB1AE10012BA86 /* LiveData.swift in Sources */ = {isa = PBXBuildFile; fileRef = 2FD6227128BB1AE10012BA86 /* LiveData.swift */; };
		2FD6227928BB1C7E0012BA86 /* Keychain in Frameworks */ = {isa = PBXBuildFile; productRef = 2FD6227828BB1C7E0012BA86 /* Keychain */; };
		2FD6227E28BB1DAF0012BA86 /* Constant.swift in Sources */ = {isa = PBXBuildFile; fileRef = 2FD6227D28BB1DAF0012BA86 /* Constant.swift */; };
		2FD6228028BB1E040012BA86 /* Keychain.swift in Sources */ = {isa = PBXBuildFile; fileRef = 2FD6227F28BB1E040012BA86 /* Keychain.swift */; };
		2FD6228228BB1EFC0012BA86 /* MemberListViewModel.swift in Sources */ = {isa = PBXBuildFile; fileRef = 2FD6228128BB1EFC0012BA86 /* MemberListViewModel.swift */; };
		2FD6228428BB1F120012BA86 /* TransactionListViewModel.swift in Sources */ = {isa = PBXBuildFile; fileRef = 2FD6228328BB1F120012BA86 /* TransactionListViewModel.swift */; };
		2FD6228628BB1F220012BA86 /* SettlementListViewModel.swift in Sources */ = {isa = PBXBuildFile; fileRef = 2FD6228528BB1F220012BA86 /* SettlementListViewModel.swift */; };
		2FD6228828BB1F360012BA86 /* TripViewModel.swift in Sources */ = {isa = PBXBuildFile; fileRef = 2FD6228728BB1F360012BA86 /* TripViewModel.swift */; };
		2FD6228A28BB1F5E0012BA86 /* MemberItemViewModel.swift in Sources */ = {isa = PBXBuildFile; fileRef = 2FD6228928BB1F5E0012BA86 /* MemberItemViewModel.swift */; };
		2FD6228C28BB1F700012BA86 /* SplitBillViewModel.swift in Sources */ = {isa = PBXBuildFile; fileRef = 2FD6228B28BB1F700012BA86 /* SplitBillViewModel.swift */; };
		2FD6228E28BB1F880012BA86 /* MemberSpendingViewModel.swift in Sources */ = {isa = PBXBuildFile; fileRef = 2FD6228D28BB1F880012BA86 /* MemberSpendingViewModel.swift */; };
		2FD6229428BB281F0012BA86 /* RxSwift in Frameworks */ = {isa = PBXBuildFile; productRef = 2FD6229328BB281F0012BA86 /* RxSwift */; };
		2FD6229728BB764D0012BA86 /* JWTDecode in Frameworks */ = {isa = PBXBuildFile; productRef = 2FD6229628BB764D0012BA86 /* JWTDecode */; };
		2FE645E528B4E4EA00ADF984 /* User.swift in Sources */ = {isa = PBXBuildFile; fileRef = 2FE645E428B4E4EA00ADF984 /* User.swift */; };
		2FE7875828B8AD3B002E5F9B /* CircleImage.swift in Sources */ = {isa = PBXBuildFile; fileRef = 2FE7875728B8AD3B002E5F9B /* CircleImage.swift */; };
		2FE7875B28B8B395002E5F9B /* AvatarImage.swift in Sources */ = {isa = PBXBuildFile; fileRef = 2FE7875A28B8B395002E5F9B /* AvatarImage.swift */; };
		2FE7875E28B8B956002E5F9B /* Image.swift in Sources */ = {isa = PBXBuildFile; fileRef = 2FE7875D28B8B956002E5F9B /* Image.swift */; };
		2FE7876328B8C632002E5F9B /* MemberCard.swift in Sources */ = {isa = PBXBuildFile; fileRef = 2FE7876228B8C632002E5F9B /* MemberCard.swift */; };
		2FE7876628B8CC7D002E5F9B /* MemberItemCard.swift in Sources */ = {isa = PBXBuildFile; fileRef = 2FE7876528B8CC7D002E5F9B /* MemberItemCard.swift */; };
		2FE7876C28B8CE95002E5F9B /* Radio.swift in Sources */ = {isa = PBXBuildFile; fileRef = 2FE7876B28B8CE95002E5F9B /* Radio.swift */; };
		2FE7876E28B8D369002E5F9B /* OutlinedCircleButton.swift in Sources */ = {isa = PBXBuildFile; fileRef = 2FE7876D28B8D369002E5F9B /* OutlinedCircleButton.swift */; };
		2FE7877228B8F451002E5F9B /* ItemCard.swift in Sources */ = {isa = PBXBuildFile; fileRef = 2FE7877128B8F451002E5F9B /* ItemCard.swift */; };
/* End PBXBuildFile section */

/* Begin PBXContainerItemProxy section */
		2FA3770128AE29C300B73E6F /* PBXContainerItemProxy */ = {
			isa = PBXContainerItemProxy;
			containerPortal = 2FA376E328AE29C100B73E6F /* Project object */;
			proxyType = 1;
			remoteGlobalIDString = 2FA376EA28AE29C100B73E6F;
			remoteInfo = tribie;
		};
		2FA3770B28AE29C300B73E6F /* PBXContainerItemProxy */ = {
			isa = PBXContainerItemProxy;
			containerPortal = 2FA376E328AE29C100B73E6F /* Project object */;
			proxyType = 1;
			remoteGlobalIDString = 2FA376EA28AE29C100B73E6F;
			remoteInfo = tribie;
		};
/* End PBXContainerItemProxy section */

/* Begin PBXFileReference section */
		2F1FC25728BD95F100938D23 /* Screen.swift */ = {isa = PBXFileReference; lastKnownFileType = sourcecode.swift; path = Screen.swift; sourceTree = "<group>"; };
		2F1FC25928BD979000938D23 /* Binding.swift */ = {isa = PBXFileReference; lastKnownFileType = sourcecode.swift; path = Binding.swift; sourceTree = "<group>"; };
		2F1FC25D28BF20B500938D23 /* Assets.xcassets */ = {isa = PBXFileReference; lastKnownFileType = folder.assetcatalog; path = Assets.xcassets; sourceTree = "<group>"; };
		2F48DFCD28BCBC700075DEA0 /* MemberAvatarButton.swift */ = {isa = PBXFileReference; lastKnownFileType = sourcecode.swift; path = MemberAvatarButton.swift; sourceTree = "<group>"; };
		2F68DC4D28BF2D5500DB5C2A /* NetworkRepostitory.swift */ = {isa = PBXFileReference; lastKnownFileType = sourcecode.swift; path = NetworkRepostitory.swift; sourceTree = "<group>"; };
		2F68DC5328BF776000DB5C2A /* Transaction.swift */ = {isa = PBXFileReference; lastKnownFileType = sourcecode.swift; path = Transaction.swift; sourceTree = "<group>"; };
		2F68DC5528BF776B00DB5C2A /* TransactionItem.swift */ = {isa = PBXFileReference; lastKnownFileType = sourcecode.swift; path = TransactionItem.swift; sourceTree = "<group>"; };
		2F68DC5728BF779E00DB5C2A /* TripMember.swift */ = {isa = PBXFileReference; lastKnownFileType = sourcecode.swift; path = TripMember.swift; sourceTree = "<group>"; };
		2F68DC5928BF77B200DB5C2A /* TransactionExpenses.swift */ = {isa = PBXFileReference; lastKnownFileType = sourcecode.swift; path = TransactionExpenses.swift; sourceTree = "<group>"; };
		2F68DC5C28BF77D100DB5C2A /* TransactionSettlement.swift */ = {isa = PBXFileReference; lastKnownFileType = sourcecode.swift; path = TransactionSettlement.swift; sourceTree = "<group>"; };
		2F68DC5E28BF780900DB5C2A /* Trip.swift */ = {isa = PBXFileReference; lastKnownFileType = sourcecode.swift; path = Trip.swift; sourceTree = "<group>"; };
		2F7355B428C0AE570080610B /* Headline1.swift */ = {isa = PBXFileReference; lastKnownFileType = sourcecode.swift; path = Headline1.swift; sourceTree = "<group>"; };
		2FA376EB28AE29C100B73E6F /* tribie.app */ = {isa = PBXFileReference; explicitFileType = wrapper.application; includeInIndex = 0; path = tribie.app; sourceTree = BUILT_PRODUCTS_DIR; };
		2FA376EE28AE29C100B73E6F /* tribieApp.swift */ = {isa = PBXFileReference; lastKnownFileType = sourcecode.swift; path = tribieApp.swift; sourceTree = "<group>"; };
		2FA376F028AE29C100B73E6F /* ContentView.swift */ = {isa = PBXFileReference; lastKnownFileType = sourcecode.swift; path = ContentView.swift; sourceTree = "<group>"; };
		2FA376F528AE29C300B73E6F /* Preview Assets.xcassets */ = {isa = PBXFileReference; lastKnownFileType = folder.assetcatalog; path = "Preview Assets.xcassets"; sourceTree = "<group>"; };
		2FA376F728AE29C300B73E6F /* Persistence.swift */ = {isa = PBXFileReference; lastKnownFileType = sourcecode.swift; path = Persistence.swift; sourceTree = "<group>"; };
		2FA376FA28AE29C300B73E6F /* tribie.xcdatamodel */ = {isa = PBXFileReference; lastKnownFileType = wrapper.xcdatamodel; path = tribie.xcdatamodel; sourceTree = "<group>"; };
		2FA3770028AE29C300B73E6F /* tribieTests.xctest */ = {isa = PBXFileReference; explicitFileType = wrapper.cfbundle; includeInIndex = 0; path = tribieTests.xctest; sourceTree = BUILT_PRODUCTS_DIR; };
		2FA3770428AE29C300B73E6F /* tribieTests.swift */ = {isa = PBXFileReference; lastKnownFileType = sourcecode.swift; path = tribieTests.swift; sourceTree = "<group>"; };
		2FA3770A28AE29C300B73E6F /* tribieUITests.xctest */ = {isa = PBXFileReference; explicitFileType = wrapper.cfbundle; includeInIndex = 0; path = tribieUITests.xctest; sourceTree = BUILT_PRODUCTS_DIR; };
		2FA3770E28AE29C300B73E6F /* tribieUITests.swift */ = {isa = PBXFileReference; lastKnownFileType = sourcecode.swift; path = tribieUITests.swift; sourceTree = "<group>"; };
		2FA3771028AE29C300B73E6F /* tribieUITestsLaunchTests.swift */ = {isa = PBXFileReference; lastKnownFileType = sourcecode.swift; path = tribieUITestsLaunchTests.swift; sourceTree = "<group>"; };
		2FA628C628AF61D900F83B92 /* OutlinedButton.swift */ = {isa = PBXFileReference; fileEncoding = 4; lastKnownFileType = sourcecode.swift; path = OutlinedButton.swift; sourceTree = "<group>"; };
		2FA628C728AF61D900F83B92 /* CircleButton.swift */ = {isa = PBXFileReference; fileEncoding = 4; lastKnownFileType = sourcecode.swift; path = CircleButton.swift; sourceTree = "<group>"; };
		2FA628C828AF61D900F83B92 /* ElevatedButton.swift */ = {isa = PBXFileReference; fileEncoding = 4; lastKnownFileType = sourcecode.swift; path = ElevatedButton.swift; sourceTree = "<group>"; };
		2FA628CC28AF673E00F83B92 /* TextField.swift */ = {isa = PBXFileReference; fileEncoding = 4; lastKnownFileType = sourcecode.swift; path = TextField.swift; sourceTree = "<group>"; };
		2FA628CE28AF676200F83B92 /* AsyncImage.swift */ = {isa = PBXFileReference; fileEncoding = 4; lastKnownFileType = sourcecode.swift; path = AsyncImage.swift; sourceTree = "<group>"; };
		2FA628D328AF682400F83B92 /* OnboardingView.swift */ = {isa = PBXFileReference; fileEncoding = 4; lastKnownFileType = sourcecode.swift; path = OnboardingView.swift; sourceTree = "<group>"; };
		2FA628D528AF685C00F83B92 /* AuthView.swift */ = {isa = PBXFileReference; fileEncoding = 4; lastKnownFileType = sourcecode.swift; path = AuthView.swift; sourceTree = "<group>"; };
		2FA628E228AF6A6800F83B92 /* Colors.swift */ = {isa = PBXFileReference; fileEncoding = 4; lastKnownFileType = sourcecode.swift; path = Colors.swift; sourceTree = "<group>"; };
		2FA628E328AF6A6800F83B92 /* Scheme.swift */ = {isa = PBXFileReference; fileEncoding = 4; lastKnownFileType = sourcecode.swift; path = Scheme.swift; sourceTree = "<group>"; };
		2FA628EA28AF8BD400F83B92 /* NetworkManager.swift */ = {isa = PBXFileReference; lastKnownFileType = sourcecode.swift; path = NetworkManager.swift; sourceTree = "<group>"; };
		2FC8FA2E28C20810005B90A9 /* NumberField.swift */ = {isa = PBXFileReference; lastKnownFileType = sourcecode.swift; path = NumberField.swift; sourceTree = "<group>"; };
		2FC8FA3028C2D2B5005B90A9 /* Random.swift */ = {isa = PBXFileReference; lastKnownFileType = sourcecode.swift; path = Random.swift; sourceTree = "<group>"; };
		2FC8FA3228C361E9005B90A9 /* SignInResponse.swift */ = {isa = PBXFileReference; lastKnownFileType = sourcecode.swift; path = SignInResponse.swift; sourceTree = "<group>"; };
		2FC8FA3428C372CD005B90A9 /* AuthViewModel.swift */ = {isa = PBXFileReference; lastKnownFileType = sourcecode.swift; path = AuthViewModel.swift; sourceTree = "<group>"; };
		2FC8FA3628C375A5005B90A9 /* SignInRequest.swift */ = {isa = PBXFileReference; lastKnownFileType = sourcecode.swift; path = SignInRequest.swift; sourceTree = "<group>"; };
		2FC8FA3828C3BA32005B90A9 /* TripListView.swift */ = {isa = PBXFileReference; lastKnownFileType = sourcecode.swift; path = TripListView.swift; sourceTree = "<group>"; };
		2FC8FA3A28C3BF73005B90A9 /* TripListViewModel.swift */ = {isa = PBXFileReference; lastKnownFileType = sourcecode.swift; path = TripListViewModel.swift; sourceTree = "<group>"; };
		2FC8FA3D28C3E185005B90A9 /* Loading.swift */ = {isa = PBXFileReference; lastKnownFileType = sourcecode.swift; path = Loading.swift; sourceTree = "<group>"; };
		2FC8FA3F28C56AFC005B90A9 /* TripFormView.swift */ = {isa = PBXFileReference; lastKnownFileType = sourcecode.swift; path = TripFormView.swift; sourceTree = "<group>"; };
		2FC8FA4128C56B0E005B90A9 /* TransactionFormView.swift */ = {isa = PBXFileReference; lastKnownFileType = sourcecode.swift; path = TransactionFormView.swift; sourceTree = "<group>"; };
		2FC8FA4328C56B23005B90A9 /* TripFormViewModel.swift */ = {isa = PBXFileReference; lastKnownFileType = sourcecode.swift; path = TripFormViewModel.swift; sourceTree = "<group>"; };
		2FC8FA4528C56B31005B90A9 /* TransactionFormViewModel.swift */ = {isa = PBXFileReference; lastKnownFileType = sourcecode.swift; path = TransactionFormViewModel.swift; sourceTree = "<group>"; };
		2FC8FA4828C57461005B90A9 /* Link.swift */ = {isa = PBXFileReference; lastKnownFileType = sourcecode.swift; path = Link.swift; sourceTree = "<group>"; };
		2FD3ECB828C5A67500CA9A6E /* ElevatedLink.swift */ = {isa = PBXFileReference; lastKnownFileType = sourcecode.swift; path = ElevatedLink.swift; sourceTree = "<group>"; };
		2FD6221C28BAD0420012BA86 /* SettlementCard.swift */ = {isa = PBXFileReference; fileEncoding = 4; lastKnownFileType = sourcecode.swift; path = SettlementCard.swift; sourceTree = "<group>"; };
		2FD6221F28BAD05E0012BA86 /* SpendingCard.swift */ = {isa = PBXFileReference; fileEncoding = 4; lastKnownFileType = sourcecode.swift; path = SpendingCard.swift; sourceTree = "<group>"; };
		2FD6222228BAD0780012BA86 /* RecentTransactionCard.swift */ = {isa = PBXFileReference; fileEncoding = 4; lastKnownFileType = sourcecode.swift; path = RecentTransactionCard.swift; sourceTree = "<group>"; };
		2FD6222628BAFDCF0012BA86 /* MemberSpendingCard.swift */ = {isa = PBXFileReference; lastKnownFileType = sourcecode.swift; path = MemberSpendingCard.swift; sourceTree = "<group>"; };
		2FD6222A28BB03200012BA86 /* MemberListView.swift */ = {isa = PBXFileReference; lastKnownFileType = sourcecode.swift; path = MemberListView.swift; sourceTree = "<group>"; };
		2FD6222C28BB03420012BA86 /* TransactionListView.swift */ = {isa = PBXFileReference; lastKnownFileType = sourcecode.swift; path = TransactionListView.swift; sourceTree = "<group>"; };
		2FD6222E28BB03570012BA86 /* SettlementListView.swift */ = {isa = PBXFileReference; lastKnownFileType = sourcecode.swift; path = SettlementListView.swift; sourceTree = "<group>"; };
		2FD6223028BB037E0012BA86 /* MemberSpendingView.swift */ = {isa = PBXFileReference; lastKnownFileType = sourcecode.swift; path = MemberSpendingView.swift; sourceTree = "<group>"; };
		2FD6223228BB03F10012BA86 /* TripView.swift */ = {isa = PBXFileReference; lastKnownFileType = sourcecode.swift; path = TripView.swift; sourceTree = "<group>"; };
		2FD6223428BB04A70012BA86 /* MemberItemView.swift */ = {isa = PBXFileReference; lastKnownFileType = sourcecode.swift; path = MemberItemView.swift; sourceTree = "<group>"; };
		2FD6223728BB081A0012BA86 /* Header.swift */ = {isa = PBXFileReference; lastKnownFileType = sourcecode.swift; path = Header.swift; sourceTree = "<group>"; };
		2FD6223928BB093C0012BA86 /* Body1.swift */ = {isa = PBXFileReference; lastKnownFileType = sourcecode.swift; path = Body1.swift; sourceTree = "<group>"; };
		2FD6223B28BB0A260012BA86 /* Footnote.swift */ = {isa = PBXFileReference; lastKnownFileType = sourcecode.swift; path = Footnote.swift; sourceTree = "<group>"; };
		2FD6223E28BB0B370012BA86 /* MemberSelectCard.swift */ = {isa = PBXFileReference; lastKnownFileType = sourcecode.swift; path = MemberSelectCard.swift; sourceTree = "<group>"; };
		2FD6224028BB0CF30012BA86 /* TextButton.swift */ = {isa = PBXFileReference; lastKnownFileType = sourcecode.swift; path = TextButton.swift; sourceTree = "<group>"; };
		2FD6224228BB0D840012BA86 /* Title1.swift */ = {isa = PBXFileReference; lastKnownFileType = sourcecode.swift; path = Title1.swift; sourceTree = "<group>"; };
		2FD6224428BB0EA60012BA86 /* Caption1.swift */ = {isa = PBXFileReference; lastKnownFileType = sourcecode.swift; path = Caption1.swift; sourceTree = "<group>"; };
		2FD6224728BB0F3E0012BA86 /* Card.swift */ = {isa = PBXFileReference; lastKnownFileType = sourcecode.swift; path = Card.swift; sourceTree = "<group>"; };
		2FD6224928BB11280012BA86 /* ImageButton.swift */ = {isa = PBXFileReference; lastKnownFileType = sourcecode.swift; path = ImageButton.swift; sourceTree = "<group>"; };
		2FD6224C28BB13440012BA86 /* LinkButton.swift */ = {isa = PBXFileReference; lastKnownFileType = sourcecode.swift; path = LinkButton.swift; sourceTree = "<group>"; };
		2FD6224F28BB17E60012BA86 /* Divider.swift */ = {isa = PBXFileReference; lastKnownFileType = sourcecode.swift; path = Divider.swift; sourceTree = "<group>"; };
		2FD6225128BB187A0012BA86 /* SplitBillView.swift */ = {isa = PBXFileReference; lastKnownFileType = sourcecode.swift; path = SplitBillView.swift; sourceTree = "<group>"; };
		2FD6226F28BB1A600012BA86 /* State.swift */ = {isa = PBXFileReference; lastKnownFileType = sourcecode.swift; path = State.swift; sourceTree = "<group>"; };
		2FD6227128BB1AE10012BA86 /* LiveData.swift */ = {isa = PBXFileReference; lastKnownFileType = sourcecode.swift; path = LiveData.swift; sourceTree = "<group>"; };
		2FD6227D28BB1DAF0012BA86 /* Constant.swift */ = {isa = PBXFileReference; lastKnownFileType = sourcecode.swift; path = Constant.swift; sourceTree = "<group>"; };
		2FD6227F28BB1E040012BA86 /* Keychain.swift */ = {isa = PBXFileReference; lastKnownFileType = sourcecode.swift; path = Keychain.swift; sourceTree = "<group>"; };
		2FD6228128BB1EFC0012BA86 /* MemberListViewModel.swift */ = {isa = PBXFileReference; lastKnownFileType = sourcecode.swift; path = MemberListViewModel.swift; sourceTree = "<group>"; };
		2FD6228328BB1F120012BA86 /* TransactionListViewModel.swift */ = {isa = PBXFileReference; lastKnownFileType = sourcecode.swift; path = TransactionListViewModel.swift; sourceTree = "<group>"; };
		2FD6228528BB1F220012BA86 /* SettlementListViewModel.swift */ = {isa = PBXFileReference; lastKnownFileType = sourcecode.swift; path = SettlementListViewModel.swift; sourceTree = "<group>"; };
		2FD6228728BB1F360012BA86 /* TripViewModel.swift */ = {isa = PBXFileReference; lastKnownFileType = sourcecode.swift; path = TripViewModel.swift; sourceTree = "<group>"; };
		2FD6228928BB1F5E0012BA86 /* MemberItemViewModel.swift */ = {isa = PBXFileReference; lastKnownFileType = sourcecode.swift; path = MemberItemViewModel.swift; sourceTree = "<group>"; };
		2FD6228B28BB1F700012BA86 /* SplitBillViewModel.swift */ = {isa = PBXFileReference; lastKnownFileType = sourcecode.swift; path = SplitBillViewModel.swift; sourceTree = "<group>"; };
		2FD6228D28BB1F880012BA86 /* MemberSpendingViewModel.swift */ = {isa = PBXFileReference; lastKnownFileType = sourcecode.swift; path = MemberSpendingViewModel.swift; sourceTree = "<group>"; };
		2FD6229128BB24300012BA86 /* tribie.entitlements */ = {isa = PBXFileReference; lastKnownFileType = text.plist.entitlements; path = tribie.entitlements; sourceTree = "<group>"; };
		2FE645E428B4E4EA00ADF984 /* User.swift */ = {isa = PBXFileReference; lastKnownFileType = sourcecode.swift; path = User.swift; sourceTree = "<group>"; };
		2FE7875728B8AD3B002E5F9B /* CircleImage.swift */ = {isa = PBXFileReference; lastKnownFileType = sourcecode.swift; path = CircleImage.swift; sourceTree = "<group>"; };
		2FE7875A28B8B395002E5F9B /* AvatarImage.swift */ = {isa = PBXFileReference; lastKnownFileType = sourcecode.swift; path = AvatarImage.swift; sourceTree = "<group>"; };
		2FE7875D28B8B956002E5F9B /* Image.swift */ = {isa = PBXFileReference; lastKnownFileType = sourcecode.swift; path = Image.swift; sourceTree = "<group>"; };
		2FE7876228B8C632002E5F9B /* MemberCard.swift */ = {isa = PBXFileReference; lastKnownFileType = sourcecode.swift; path = MemberCard.swift; sourceTree = "<group>"; };
		2FE7876528B8CC7D002E5F9B /* MemberItemCard.swift */ = {isa = PBXFileReference; lastKnownFileType = sourcecode.swift; path = MemberItemCard.swift; sourceTree = "<group>"; };
		2FE7876B28B8CE95002E5F9B /* Radio.swift */ = {isa = PBXFileReference; lastKnownFileType = sourcecode.swift; path = Radio.swift; sourceTree = "<group>"; };
		2FE7876D28B8D369002E5F9B /* OutlinedCircleButton.swift */ = {isa = PBXFileReference; lastKnownFileType = sourcecode.swift; path = OutlinedCircleButton.swift; sourceTree = "<group>"; };
		2FE7877128B8F451002E5F9B /* ItemCard.swift */ = {isa = PBXFileReference; lastKnownFileType = sourcecode.swift; path = ItemCard.swift; sourceTree = "<group>"; };
/* End PBXFileReference section */

/* Begin PBXFrameworksBuildPhase section */
		2FA376E828AE29C100B73E6F /* Frameworks */ = {
			isa = PBXFrameworksBuildPhase;
			buildActionMask = 2147483647;
			files = (
				2FD6227928BB1C7E0012BA86 /* Keychain in Frameworks */,
				2FD6225528BB19CF0012BA86 /* Alamofire in Frameworks */,
				2FD6229428BB281F0012BA86 /* RxSwift in Frameworks */,
				2FD6229728BB764D0012BA86 /* JWTDecode in Frameworks */,
				2FD6226D28BB1A340012BA86 /* SwiftyJSON in Frameworks */,
				2FC8FA2D28C1A54C005B90A9 /* SwiftyBeaver in Frameworks */,
			);
			runOnlyForDeploymentPostprocessing = 0;
		};
		2FA376FD28AE29C300B73E6F /* Frameworks */ = {
			isa = PBXFrameworksBuildPhase;
			buildActionMask = 2147483647;
			files = (
			);
			runOnlyForDeploymentPostprocessing = 0;
		};
		2FA3770728AE29C300B73E6F /* Frameworks */ = {
			isa = PBXFrameworksBuildPhase;
			buildActionMask = 2147483647;
			files = (
			);
			runOnlyForDeploymentPostprocessing = 0;
		};
/* End PBXFrameworksBuildPhase section */

/* Begin PBXGroup section */
		2F48DFCC28BCBC5B0075DEA0 /* MemberAvatarButton */ = {
			isa = PBXGroup;
			children = (
				2F48DFCD28BCBC700075DEA0 /* MemberAvatarButton.swift */,
			);
			path = MemberAvatarButton;
			sourceTree = "<group>";
		};
		2FA376E228AE29C100B73E6F = {
			isa = PBXGroup;
			children = (
				2FA376ED28AE29C100B73E6F /* tribie */,
				2FA3770328AE29C300B73E6F /* tribieTests */,
				2FA3770D28AE29C300B73E6F /* tribieUITests */,
				2FA376EC28AE29C100B73E6F /* Products */,
			);
			sourceTree = "<group>";
		};
		2FA376EC28AE29C100B73E6F /* Products */ = {
			isa = PBXGroup;
			children = (
				2FA376EB28AE29C100B73E6F /* tribie.app */,
				2FA3770028AE29C300B73E6F /* tribieTests.xctest */,
				2FA3770A28AE29C300B73E6F /* tribieUITests.xctest */,
			);
			name = Products;
			sourceTree = "<group>";
		};
		2FA376ED28AE29C100B73E6F /* tribie */ = {
			isa = PBXGroup;
			children = (
				2FD6229128BB24300012BA86 /* tribie.entitlements */,
				2FD6226E28BB1A3F0012BA86 /* Utils */,
				2FA628E828AF8B5800F83B92 /* Service */,
				2FA628DD28AF6A4F00F83B92 /* Helpers */,
				2FA628BE28AF616500F83B92 /* Component */,
				2FA3771F28AE2A7400B73E6F /* Model */,
				2FA3771E28AE2A6B00B73E6F /* ViewModel */,
				2FA3771D28AE2A5600B73E6F /* View */,
				2FA376EE28AE29C100B73E6F /* tribieApp.swift */,
				2FA376F028AE29C100B73E6F /* ContentView.swift */,
				2F1FC25D28BF20B500938D23 /* Assets.xcassets */,
				2FA376F728AE29C300B73E6F /* Persistence.swift */,
				2FA376F928AE29C300B73E6F /* tribie.xcdatamodeld */,
				2FA376F428AE29C300B73E6F /* Preview Content */,
			);
			path = tribie;
			sourceTree = "<group>";
		};
		2FA376F428AE29C300B73E6F /* Preview Content */ = {
			isa = PBXGroup;
			children = (
				2FA376F528AE29C300B73E6F /* Preview Assets.xcassets */,
			);
			path = "Preview Content";
			sourceTree = "<group>";
		};
		2FA3770328AE29C300B73E6F /* tribieTests */ = {
			isa = PBXGroup;
			children = (
				2FA3770428AE29C300B73E6F /* tribieTests.swift */,
			);
			path = tribieTests;
			sourceTree = "<group>";
		};
		2FA3770D28AE29C300B73E6F /* tribieUITests */ = {
			isa = PBXGroup;
			children = (
				2FA3770E28AE29C300B73E6F /* tribieUITests.swift */,
				2FA3771028AE29C300B73E6F /* tribieUITestsLaunchTests.swift */,
			);
			path = tribieUITests;
			sourceTree = "<group>";
		};
		2FA3771D28AE2A5600B73E6F /* View */ = {
			isa = PBXGroup;
			children = (
				2FA628D228AF678600F83B92 /* OnBoarding */,
				2FA628D128AF677F00F83B92 /* Dashboard */,
				2FA628D028AF677800F83B92 /* Auth */,
			);
			path = View;
			sourceTree = "<group>";
		};
		2FA3771E28AE2A6B00B73E6F /* ViewModel */ = {
			isa = PBXGroup;
			children = (
				2FD6228128BB1EFC0012BA86 /* MemberListViewModel.swift */,
				2FD6228328BB1F120012BA86 /* TransactionListViewModel.swift */,
				2FD6228528BB1F220012BA86 /* SettlementListViewModel.swift */,
				2FD6228728BB1F360012BA86 /* TripViewModel.swift */,
				2FD6228928BB1F5E0012BA86 /* MemberItemViewModel.swift */,
				2FD6228B28BB1F700012BA86 /* SplitBillViewModel.swift */,
				2FD6228D28BB1F880012BA86 /* MemberSpendingViewModel.swift */,
				2FC8FA3428C372CD005B90A9 /* AuthViewModel.swift */,
				2FC8FA3A28C3BF73005B90A9 /* TripListViewModel.swift */,
				2FC8FA4328C56B23005B90A9 /* TripFormViewModel.swift */,
				2FC8FA4528C56B31005B90A9 /* TransactionFormViewModel.swift */,
			);
			path = ViewModel;
			sourceTree = "<group>";
		};
		2FA3771F28AE2A7400B73E6F /* Model */ = {
			isa = PBXGroup;
			children = (
				2FE645E428B4E4EA00ADF984 /* User.swift */,
				2F68DC5E28BF780900DB5C2A /* Trip.swift */,
				2F68DC5728BF779E00DB5C2A /* TripMember.swift */,
				2F68DC5328BF776000DB5C2A /* Transaction.swift */,
				2F68DC5528BF776B00DB5C2A /* TransactionItem.swift */,
				2FC8FA3628C375A5005B90A9 /* SignInRequest.swift */,
				2F68DC5928BF77B200DB5C2A /* TransactionExpenses.swift */,
				2F68DC5C28BF77D100DB5C2A /* TransactionSettlement.swift */,
				2FC8FA3228C361E9005B90A9 /* SignInResponse.swift */,
			);
			path = Model;
			sourceTree = "<group>";
		};
		2FA628BE28AF616500F83B92 /* Component */ = {
			isa = PBXGroup;
			children = (
				2FA628C128AF618000F83B92 /* Organigram */,
				2FA628C028AF617400F83B92 /* Molecul */,
				2FA628BF28AF616E00F83B92 /* Atom */,
			);
			path = Component;
			sourceTree = "<group>";
		};
		2FA628BF28AF616E00F83B92 /* Atom */ = {
			isa = PBXGroup;
			children = (
				2FC8FA4728C57453005B90A9 /* Link */,
				2FC8FA3C28C3E177005B90A9 /* Loading */,
				2FD6224E28BB17D70012BA86 /* Divider */,
				2FD6222928BAFE320012BA86 /* Image */,
				2FD6224628BB0F320012BA86 /* Card */,
				2FD6223628BB08050012BA86 /* Text */,
				2FE7876A28B8CE88002E5F9B /* Radio */,
				2FA628C328AF61B300F83B92 /* Textfield */,
				2FA628C228AF61AE00F83B92 /* Button */,
			);
			path = Atom;
			sourceTree = "<group>";
		};
		2FA628C028AF617400F83B92 /* Molecul */ = {
			isa = PBXGroup;
			children = (
				2F48DFCC28BCBC5B0075DEA0 /* MemberAvatarButton */,
				2FD6223D28BB0B290012BA86 /* MemberSelectCard */,
				2FD6222528BAFDB90012BA86 /* MemberSpendingCard */,
				2FE7875F28B8C5E4002E5F9B /* MemberCard */,
				2FD6222128BAD0650012BA86 /* RecentTransactionCard */,
				2FD6221E28BAD0550012BA86 /* SpendingCard */,
				2FD6221B28BAD02A0012BA86 /* SettlementCard */,
				2FE7877028B8F43D002E5F9B /* ItemCard */,
				2FE7876428B8CC45002E5F9B /* MemberItemCard */,
			);
			path = Molecul;
			sourceTree = "<group>";
		};
		2FA628C128AF618000F83B92 /* Organigram */ = {
			isa = PBXGroup;
			children = (
			);
			path = Organigram;
			sourceTree = "<group>";
		};
		2FA628C228AF61AE00F83B92 /* Button */ = {
			isa = PBXGroup;
			children = (
				2FA628C728AF61D900F83B92 /* CircleButton.swift */,
				2FA628C828AF61D900F83B92 /* ElevatedButton.swift */,
				2FA628C628AF61D900F83B92 /* OutlinedButton.swift */,
				2FE7876D28B8D369002E5F9B /* OutlinedCircleButton.swift */,
				2FD6224028BB0CF30012BA86 /* TextButton.swift */,
				2FD6224928BB11280012BA86 /* ImageButton.swift */,
				2FD6224C28BB13440012BA86 /* LinkButton.swift */,
			);
			path = Button;
			sourceTree = "<group>";
		};
		2FA628C328AF61B300F83B92 /* Textfield */ = {
			isa = PBXGroup;
			children = (
				2FA628CC28AF673E00F83B92 /* TextField.swift */,
				2FC8FA2E28C20810005B90A9 /* NumberField.swift */,
			);
			path = Textfield;
			sourceTree = "<group>";
		};
		2FA628C428AF61BD00F83B92 /* AsyncImage */ = {
			isa = PBXGroup;
			children = (
				2FA628CE28AF676200F83B92 /* AsyncImage.swift */,
			);
			path = AsyncImage;
			sourceTree = "<group>";
		};
		2FA628D028AF677800F83B92 /* Auth */ = {
			isa = PBXGroup;
			children = (
				2FA628D528AF685C00F83B92 /* AuthView.swift */,
			);
			path = Auth;
			sourceTree = "<group>";
		};
		2FA628D128AF677F00F83B92 /* Dashboard */ = {
			isa = PBXGroup;
			children = (
				2FD6222A28BB03200012BA86 /* MemberListView.swift */,
				2FD6222C28BB03420012BA86 /* TransactionListView.swift */,
				2FD6222E28BB03570012BA86 /* SettlementListView.swift */,
				2FD6223028BB037E0012BA86 /* MemberSpendingView.swift */,
				2FD6223228BB03F10012BA86 /* TripView.swift */,
				2FD6223428BB04A70012BA86 /* MemberItemView.swift */,
				2FD6225128BB187A0012BA86 /* SplitBillView.swift */,
				2FC8FA3828C3BA32005B90A9 /* TripListView.swift */,
				2FC8FA3F28C56AFC005B90A9 /* TripFormView.swift */,
				2FC8FA4128C56B0E005B90A9 /* TransactionFormView.swift */,
			);
			path = Dashboard;
			sourceTree = "<group>";
		};
		2FA628D228AF678600F83B92 /* OnBoarding */ = {
			isa = PBXGroup;
			children = (
				2FA628D328AF682400F83B92 /* OnboardingView.swift */,
			);
			path = OnBoarding;
			sourceTree = "<group>";
		};
		2FA628DD28AF6A4F00F83B92 /* Helpers */ = {
			isa = PBXGroup;
			children = (
				2FD6227128BB1AE10012BA86 /* LiveData.swift */,
				2F1FC25928BD979000938D23 /* Binding.swift */,
				2FC8FA3028C2D2B5005B90A9 /* Random.swift */,
			);
			path = Helpers;
			sourceTree = "<group>";
		};
		2FA628E828AF8B5800F83B92 /* Service */ = {
			isa = PBXGroup;
			children = (
				2FA628EA28AF8BD400F83B92 /* NetworkManager.swift */,
				2F68DC4D28BF2D5500DB5C2A /* NetworkRepostitory.swift */,
			);
			path = Service;
			sourceTree = "<group>";
		};
		2FC8FA3C28C3E177005B90A9 /* Loading */ = {
			isa = PBXGroup;
			children = (
				2FC8FA3D28C3E185005B90A9 /* Loading.swift */,
			);
			path = Loading;
			sourceTree = "<group>";
		};
		2FC8FA4728C57453005B90A9 /* Link */ = {
			isa = PBXGroup;
			children = (
				2FC8FA4828C57461005B90A9 /* Link.swift */,
				2FD3ECB828C5A67500CA9A6E /* ElevatedLink.swift */,
			);
			path = Link;
			sourceTree = "<group>";
		};
		2FD6221B28BAD02A0012BA86 /* SettlementCard */ = {
			isa = PBXGroup;
			children = (
				2FD6221C28BAD0420012BA86 /* SettlementCard.swift */,
			);
			path = SettlementCard;
			sourceTree = "<group>";
		};
		2FD6221E28BAD0550012BA86 /* SpendingCard */ = {
			isa = PBXGroup;
			children = (
				2FD6221F28BAD05E0012BA86 /* SpendingCard.swift */,
			);
			path = SpendingCard;
			sourceTree = "<group>";
		};
		2FD6222128BAD0650012BA86 /* RecentTransactionCard */ = {
			isa = PBXGroup;
			children = (
				2FD6222228BAD0780012BA86 /* RecentTransactionCard.swift */,
			);
			path = RecentTransactionCard;
			sourceTree = "<group>";
		};
		2FD6222528BAFDB90012BA86 /* MemberSpendingCard */ = {
			isa = PBXGroup;
			children = (
				2FD6222628BAFDCF0012BA86 /* MemberSpendingCard.swift */,
			);
			path = MemberSpendingCard;
			sourceTree = "<group>";
		};
		2FD6222928BAFE320012BA86 /* Image */ = {
			isa = PBXGroup;
			children = (
				2FA628C428AF61BD00F83B92 /* AsyncImage */,
				2FE7875C28B8B85F002E5F9B /* Image */,
				2FE7875928B8B37D002E5F9B /* AvatarImage */,
				2FE7875628B8AD29002E5F9B /* CircleImage */,
			);
			path = Image;
			sourceTree = "<group>";
		};
		2FD6223628BB08050012BA86 /* Text */ = {
			isa = PBXGroup;
			children = (
				2FD6223728BB081A0012BA86 /* Header.swift */,
				2FD6223928BB093C0012BA86 /* Body1.swift */,
				2FD6223B28BB0A260012BA86 /* Footnote.swift */,
				2FD6224228BB0D840012BA86 /* Title1.swift */,
				2FD6224428BB0EA60012BA86 /* Caption1.swift */,
				2F7355B428C0AE570080610B /* Headline1.swift */,
			);
			path = Text;
			sourceTree = "<group>";
		};
		2FD6223D28BB0B290012BA86 /* MemberSelectCard */ = {
			isa = PBXGroup;
			children = (
				2FD6223E28BB0B370012BA86 /* MemberSelectCard.swift */,
			);
			path = MemberSelectCard;
			sourceTree = "<group>";
		};
		2FD6224628BB0F320012BA86 /* Card */ = {
			isa = PBXGroup;
			children = (
				2FD6224728BB0F3E0012BA86 /* Card.swift */,
			);
			path = Card;
			sourceTree = "<group>";
		};
		2FD6224E28BB17D70012BA86 /* Divider */ = {
			isa = PBXGroup;
			children = (
				2FD6224F28BB17E60012BA86 /* Divider.swift */,
			);
			path = Divider;
			sourceTree = "<group>";
		};
		2FD6226E28BB1A3F0012BA86 /* Utils */ = {
			isa = PBXGroup;
			children = (
				2FA628E328AF6A6800F83B92 /* Scheme.swift */,
				2FA628E228AF6A6800F83B92 /* Colors.swift */,
				2FD6226F28BB1A600012BA86 /* State.swift */,
				2FD6227D28BB1DAF0012BA86 /* Constant.swift */,
				2FD6227F28BB1E040012BA86 /* Keychain.swift */,
				2F1FC25728BD95F100938D23 /* Screen.swift */,
			);
			path = Utils;
			sourceTree = "<group>";
		};
		2FE7875628B8AD29002E5F9B /* CircleImage */ = {
			isa = PBXGroup;
			children = (
				2FE7875728B8AD3B002E5F9B /* CircleImage.swift */,
			);
			path = CircleImage;
			sourceTree = "<group>";
		};
		2FE7875928B8B37D002E5F9B /* AvatarImage */ = {
			isa = PBXGroup;
			children = (
				2FE7875A28B8B395002E5F9B /* AvatarImage.swift */,
			);
			path = AvatarImage;
			sourceTree = "<group>";
		};
		2FE7875C28B8B85F002E5F9B /* Image */ = {
			isa = PBXGroup;
			children = (
				2FE7875D28B8B956002E5F9B /* Image.swift */,
			);
			path = Image;
			sourceTree = "<group>";
		};
		2FE7875F28B8C5E4002E5F9B /* MemberCard */ = {
			isa = PBXGroup;
			children = (
				2FE7876228B8C632002E5F9B /* MemberCard.swift */,
			);
			path = MemberCard;
			sourceTree = "<group>";
		};
		2FE7876428B8CC45002E5F9B /* MemberItemCard */ = {
			isa = PBXGroup;
			children = (
				2FE7876528B8CC7D002E5F9B /* MemberItemCard.swift */,
			);
			path = MemberItemCard;
			sourceTree = "<group>";
		};
		2FE7876A28B8CE88002E5F9B /* Radio */ = {
			isa = PBXGroup;
			children = (
				2FE7876B28B8CE95002E5F9B /* Radio.swift */,
			);
			path = Radio;
			sourceTree = "<group>";
		};
		2FE7877028B8F43D002E5F9B /* ItemCard */ = {
			isa = PBXGroup;
			children = (
				2FE7877128B8F451002E5F9B /* ItemCard.swift */,
			);
			path = ItemCard;
			sourceTree = "<group>";
		};
/* End PBXGroup section */

/* Begin PBXNativeTarget section */
		2FA376EA28AE29C100B73E6F /* tribie */ = {
			isa = PBXNativeTarget;
			buildConfigurationList = 2FA3771428AE29C300B73E6F /* Build configuration list for PBXNativeTarget "tribie" */;
			buildPhases = (
				2FA376E728AE29C100B73E6F /* Sources */,
				2FA376E828AE29C100B73E6F /* Frameworks */,
				2FA376E928AE29C100B73E6F /* Resources */,
			);
			buildRules = (
			);
			dependencies = (
			);
			name = tribie;
			packageProductDependencies = (
				2FD6225428BB19CF0012BA86 /* Alamofire */,
				2FD6226C28BB1A340012BA86 /* SwiftyJSON */,
				2FD6227828BB1C7E0012BA86 /* Keychain */,
				2FD6229328BB281F0012BA86 /* RxSwift */,
				2FD6229628BB764D0012BA86 /* JWTDecode */,
				2FC8FA2C28C1A54C005B90A9 /* SwiftyBeaver */,
			);
			productName = tribie;
			productReference = 2FA376EB28AE29C100B73E6F /* tribie.app */;
			productType = "com.apple.product-type.application";
		};
		2FA376FF28AE29C300B73E6F /* tribieTests */ = {
			isa = PBXNativeTarget;
			buildConfigurationList = 2FA3771728AE29C300B73E6F /* Build configuration list for PBXNativeTarget "tribieTests" */;
			buildPhases = (
				2FA376FC28AE29C300B73E6F /* Sources */,
				2FA376FD28AE29C300B73E6F /* Frameworks */,
				2FA376FE28AE29C300B73E6F /* Resources */,
			);
			buildRules = (
			);
			dependencies = (
				2FA3770228AE29C300B73E6F /* PBXTargetDependency */,
			);
			name = tribieTests;
			productName = tribieTests;
			productReference = 2FA3770028AE29C300B73E6F /* tribieTests.xctest */;
			productType = "com.apple.product-type.bundle.unit-test";
		};
		2FA3770928AE29C300B73E6F /* tribieUITests */ = {
			isa = PBXNativeTarget;
			buildConfigurationList = 2FA3771A28AE29C300B73E6F /* Build configuration list for PBXNativeTarget "tribieUITests" */;
			buildPhases = (
				2FA3770628AE29C300B73E6F /* Sources */,
				2FA3770728AE29C300B73E6F /* Frameworks */,
				2FA3770828AE29C300B73E6F /* Resources */,
			);
			buildRules = (
			);
			dependencies = (
				2FA3770C28AE29C300B73E6F /* PBXTargetDependency */,
			);
			name = tribieUITests;
			productName = tribieUITests;
			productReference = 2FA3770A28AE29C300B73E6F /* tribieUITests.xctest */;
			productType = "com.apple.product-type.bundle.ui-testing";
		};
/* End PBXNativeTarget section */

/* Begin PBXProject section */
		2FA376E328AE29C100B73E6F /* Project object */ = {
			isa = PBXProject;
			attributes = {
				BuildIndependentTargetsInParallel = 1;
				LastSwiftUpdateCheck = 1320;
				LastUpgradeCheck = 1320;
				TargetAttributes = {
					2FA376EA28AE29C100B73E6F = {
						CreatedOnToolsVersion = 13.2.1;
					};
					2FA376FF28AE29C300B73E6F = {
						CreatedOnToolsVersion = 13.2.1;
						TestTargetID = 2FA376EA28AE29C100B73E6F;
					};
					2FA3770928AE29C300B73E6F = {
						CreatedOnToolsVersion = 13.2.1;
						TestTargetID = 2FA376EA28AE29C100B73E6F;
					};
				};
			};
			buildConfigurationList = 2FA376E628AE29C100B73E6F /* Build configuration list for PBXProject "tribie" */;
			compatibilityVersion = "Xcode 13.0";
			developmentRegion = en;
			hasScannedForEncodings = 0;
			knownRegions = (
				en,
				Base,
			);
			mainGroup = 2FA376E228AE29C100B73E6F;
			packageReferences = (
				2FD6225328BB19CF0012BA86 /* XCRemoteSwiftPackageReference "Alamofire" */,
				2FD6226B28BB1A340012BA86 /* XCRemoteSwiftPackageReference "SwiftyJSON" */,
				2FD6227728BB1C7E0012BA86 /* XCRemoteSwiftPackageReference "Keychain.swift" */,
				2FD6229228BB281F0012BA86 /* XCRemoteSwiftPackageReference "RxSwift" */,
				2FD6229528BB764D0012BA86 /* XCRemoteSwiftPackageReference "JWTDecode" */,
				2FC8FA2B28C1A54C005B90A9 /* XCRemoteSwiftPackageReference "SwiftyBeaver" */,
			);
			productRefGroup = 2FA376EC28AE29C100B73E6F /* Products */;
			projectDirPath = "";
			projectRoot = "";
			targets = (
				2FA376EA28AE29C100B73E6F /* tribie */,
				2FA376FF28AE29C300B73E6F /* tribieTests */,
				2FA3770928AE29C300B73E6F /* tribieUITests */,
			);
		};
/* End PBXProject section */

/* Begin PBXResourcesBuildPhase section */
		2FA376E928AE29C100B73E6F /* Resources */ = {
			isa = PBXResourcesBuildPhase;
			buildActionMask = 2147483647;
			files = (
				2FA376F628AE29C300B73E6F /* Preview Assets.xcassets in Resources */,
				2F1FC25E28BF20B500938D23 /* Assets.xcassets in Resources */,
			);
			runOnlyForDeploymentPostprocessing = 0;
		};
		2FA376FE28AE29C300B73E6F /* Resources */ = {
			isa = PBXResourcesBuildPhase;
			buildActionMask = 2147483647;
			files = (
			);
			runOnlyForDeploymentPostprocessing = 0;
		};
		2FA3770828AE29C300B73E6F /* Resources */ = {
			isa = PBXResourcesBuildPhase;
			buildActionMask = 2147483647;
			files = (
			);
			runOnlyForDeploymentPostprocessing = 0;
		};
/* End PBXResourcesBuildPhase section */

/* Begin PBXSourcesBuildPhase section */
		2FA376E728AE29C100B73E6F /* Sources */ = {
			isa = PBXSourcesBuildPhase;
			buildActionMask = 2147483647;
			files = (
				2F68DC5A28BF77B200DB5C2A /* TransactionExpenses.swift in Sources */,
				2FA628C928AF61D900F83B92 /* OutlinedButton.swift in Sources */,
				2FD6222028BAD05E0012BA86 /* SpendingCard.swift in Sources */,
				2F68DC5D28BF77D100DB5C2A /* TransactionSettlement.swift in Sources */,
				2FE7875E28B8B956002E5F9B /* Image.swift in Sources */,
				2FC8FA4928C57461005B90A9 /* Link.swift in Sources */,
				2FE7875B28B8B395002E5F9B /* AvatarImage.swift in Sources */,
				2FD6222328BAD0780012BA86 /* RecentTransactionCard.swift in Sources */,
				2FC8FA3728C375A5005B90A9 /* SignInRequest.swift in Sources */,
				2FD6227028BB1A600012BA86 /* State.swift in Sources */,
				2FA628CF28AF676200F83B92 /* AsyncImage.swift in Sources */,
				2FC8FA2F28C20810005B90A9 /* NumberField.swift in Sources */,
				2FE7876328B8C632002E5F9B /* MemberCard.swift in Sources */,
				2FA376F828AE29C300B73E6F /* Persistence.swift in Sources */,
				2FD6228A28BB1F5E0012BA86 /* MemberItemViewModel.swift in Sources */,
				2FE7876E28B8D369002E5F9B /* OutlinedCircleButton.swift in Sources */,
				2FD6228428BB1F120012BA86 /* TransactionListViewModel.swift in Sources */,
				2FD6228C28BB1F700012BA86 /* SplitBillViewModel.swift in Sources */,
				2FD6222728BAFDCF0012BA86 /* MemberSpendingCard.swift in Sources */,
				2FD6223C28BB0A260012BA86 /* Footnote.swift in Sources */,
				2FC8FA4628C56B31005B90A9 /* TransactionFormViewModel.swift in Sources */,
				2FE7876C28B8CE95002E5F9B /* Radio.swift in Sources */,
				2FD6221D28BAD0420012BA86 /* SettlementCard.swift in Sources */,
				2FC8FA3128C2D2B5005B90A9 /* Random.swift in Sources */,
				2FD6228828BB1F360012BA86 /* TripViewModel.swift in Sources */,
				2FD6223328BB03F10012BA86 /* TripView.swift in Sources */,
				2FE7876628B8CC7D002E5F9B /* MemberItemCard.swift in Sources */,
				2FD6223A28BB093C0012BA86 /* Body1.swift in Sources */,
				2FA628D428AF682500F83B92 /* OnboardingView.swift in Sources */,
				2FA628CB28AF61D900F83B92 /* ElevatedButton.swift in Sources */,
				2F7355B528C0AE570080610B /* Headline1.swift in Sources */,
				2FD6223128BB037E0012BA86 /* MemberSpendingView.swift in Sources */,
				2FD6224528BB0EA60012BA86 /* Caption1.swift in Sources */,
				2F48DFCE28BCBC700075DEA0 /* MemberAvatarButton.swift in Sources */,
				2FD6224128BB0CF30012BA86 /* TextButton.swift in Sources */,
				2FD6224A28BB11280012BA86 /* ImageButton.swift in Sources */,
				2FE645E528B4E4EA00ADF984 /* User.swift in Sources */,
				2FC8FA4428C56B23005B90A9 /* TripFormViewModel.swift in Sources */,
				2FD6228628BB1F220012BA86 /* SettlementListViewModel.swift in Sources */,
				2FD6223828BB081A0012BA86 /* Header.swift in Sources */,
				2FC8FA3E28C3E185005B90A9 /* Loading.swift in Sources */,
				2FD6228228BB1EFC0012BA86 /* MemberListViewModel.swift in Sources */,
				2FD6222D28BB03420012BA86 /* TransactionListView.swift in Sources */,
				2FC8FA3328C361E9005B90A9 /* SignInResponse.swift in Sources */,
				2FC8FA3528C372CD005B90A9 /* AuthViewModel.swift in Sources */,
				2FD6227228BB1AE10012BA86 /* LiveData.swift in Sources */,
				2F68DC5828BF779E00DB5C2A /* TripMember.swift in Sources */,
				2FE7877228B8F451002E5F9B /* ItemCard.swift in Sources */,
				2FA628E528AF6A6800F83B92 /* Colors.swift in Sources */,
				2FD6223F28BB0B370012BA86 /* MemberSelectCard.swift in Sources */,
				2FD6222F28BB03570012BA86 /* SettlementListView.swift in Sources */,
				2FC8FA3928C3BA32005B90A9 /* TripListView.swift in Sources */,
				2FD6228E28BB1F880012BA86 /* MemberSpendingViewModel.swift in Sources */,
				2FA628CD28AF673E00F83B92 /* TextField.swift in Sources */,
				2FD6222B28BB03200012BA86 /* MemberListView.swift in Sources */,
				2F68DC4E28BF2D5500DB5C2A /* NetworkRepostitory.swift in Sources */,
				2FA628EB28AF8BD400F83B92 /* NetworkManager.swift in Sources */,
				2FD6225028BB17E60012BA86 /* Divider.swift in Sources */,
				2FC8FA4028C56AFC005B90A9 /* TripFormView.swift in Sources */,
				2FA376F128AE29C100B73E6F /* ContentView.swift in Sources */,
				2FD6228028BB1E040012BA86 /* Keychain.swift in Sources */,
				2FD6223528BB04A70012BA86 /* MemberItemView.swift in Sources */,
				2FA628E628AF6A6800F83B92 /* Scheme.swift in Sources */,
				2FC8FA4228C56B0E005B90A9 /* TransactionFormView.swift in Sources */,
				2FA628CA28AF61D900F83B92 /* CircleButton.swift in Sources */,
				2FD6225228BB187A0012BA86 /* SplitBillView.swift in Sources */,
				2FE7875828B8AD3B002E5F9B /* CircleImage.swift in Sources */,
				2F68DC5428BF776000DB5C2A /* Transaction.swift in Sources */,
				2FA376FB28AE29C300B73E6F /* tribie.xcdatamodeld in Sources */,
				2FC8FA3B28C3BF73005B90A9 /* TripListViewModel.swift in Sources */,
				2FD6224D28BB13440012BA86 /* LinkButton.swift in Sources */,
				2F68DC5628BF776B00DB5C2A /* TransactionItem.swift in Sources */,
				2FD3ECB928C5A67600CA9A6E /* ElevatedLink.swift in Sources */,
				2F1FC25828BD95F100938D23 /* Screen.swift in Sources */,
				2F68DC5F28BF780900DB5C2A /* Trip.swift in Sources */,
				2FA628D628AF685C00F83B92 /* AuthView.swift in Sources */,
				2F1FC25A28BD979000938D23 /* Binding.swift in Sources */,
				2FD6224328BB0D840012BA86 /* Title1.swift in Sources */,
				2FD6227E28BB1DAF0012BA86 /* Constant.swift in Sources */,
				2FA376EF28AE29C100B73E6F /* tribieApp.swift in Sources */,
				2FD6224828BB0F3E0012BA86 /* Card.swift in Sources */,
			);
			runOnlyForDeploymentPostprocessing = 0;
		};
		2FA376FC28AE29C300B73E6F /* Sources */ = {
			isa = PBXSourcesBuildPhase;
			buildActionMask = 2147483647;
			files = (
				2FA3770528AE29C300B73E6F /* tribieTests.swift in Sources */,
			);
			runOnlyForDeploymentPostprocessing = 0;
		};
		2FA3770628AE29C300B73E6F /* Sources */ = {
			isa = PBXSourcesBuildPhase;
			buildActionMask = 2147483647;
			files = (
				2FA3770F28AE29C300B73E6F /* tribieUITests.swift in Sources */,
				2FA3771128AE29C300B73E6F /* tribieUITestsLaunchTests.swift in Sources */,
			);
			runOnlyForDeploymentPostprocessing = 0;
		};
/* End PBXSourcesBuildPhase section */

/* Begin PBXTargetDependency section */
		2FA3770228AE29C300B73E6F /* PBXTargetDependency */ = {
			isa = PBXTargetDependency;
			target = 2FA376EA28AE29C100B73E6F /* tribie */;
			targetProxy = 2FA3770128AE29C300B73E6F /* PBXContainerItemProxy */;
		};
		2FA3770C28AE29C300B73E6F /* PBXTargetDependency */ = {
			isa = PBXTargetDependency;
			target = 2FA376EA28AE29C100B73E6F /* tribie */;
			targetProxy = 2FA3770B28AE29C300B73E6F /* PBXContainerItemProxy */;
		};
/* End PBXTargetDependency section */

/* Begin XCBuildConfiguration section */
		2FA3771228AE29C300B73E6F /* Debug */ = {
			isa = XCBuildConfiguration;
			buildSettings = {
				ALWAYS_SEARCH_USER_PATHS = NO;
				CLANG_ANALYZER_NONNULL = YES;
				CLANG_ANALYZER_NUMBER_OBJECT_CONVERSION = YES_AGGRESSIVE;
				CLANG_CXX_LANGUAGE_STANDARD = "gnu++17";
				CLANG_CXX_LIBRARY = "libc++";
				CLANG_ENABLE_MODULES = YES;
				CLANG_ENABLE_OBJC_ARC = YES;
				CLANG_ENABLE_OBJC_WEAK = YES;
				CLANG_WARN_BLOCK_CAPTURE_AUTORELEASING = YES;
				CLANG_WARN_BOOL_CONVERSION = YES;
				CLANG_WARN_COMMA = YES;
				CLANG_WARN_CONSTANT_CONVERSION = YES;
				CLANG_WARN_DEPRECATED_OBJC_IMPLEMENTATIONS = YES;
				CLANG_WARN_DIRECT_OBJC_ISA_USAGE = YES_ERROR;
				CLANG_WARN_DOCUMENTATION_COMMENTS = YES;
				CLANG_WARN_EMPTY_BODY = YES;
				CLANG_WARN_ENUM_CONVERSION = YES;
				CLANG_WARN_INFINITE_RECURSION = YES;
				CLANG_WARN_INT_CONVERSION = YES;
				CLANG_WARN_NON_LITERAL_NULL_CONVERSION = YES;
				CLANG_WARN_OBJC_IMPLICIT_RETAIN_SELF = YES;
				CLANG_WARN_OBJC_LITERAL_CONVERSION = YES;
				CLANG_WARN_OBJC_ROOT_CLASS = YES_ERROR;
				CLANG_WARN_QUOTED_INCLUDE_IN_FRAMEWORK_HEADER = YES;
				CLANG_WARN_RANGE_LOOP_ANALYSIS = YES;
				CLANG_WARN_STRICT_PROTOTYPES = YES;
				CLANG_WARN_SUSPICIOUS_MOVE = YES;
				CLANG_WARN_UNGUARDED_AVAILABILITY = YES_AGGRESSIVE;
				CLANG_WARN_UNREACHABLE_CODE = YES;
				CLANG_WARN__DUPLICATE_METHOD_MATCH = YES;
				COPY_PHASE_STRIP = NO;
				DEBUG_INFORMATION_FORMAT = dwarf;
				ENABLE_STRICT_OBJC_MSGSEND = YES;
				ENABLE_TESTABILITY = YES;
				GCC_C_LANGUAGE_STANDARD = gnu11;
				GCC_DYNAMIC_NO_PIC = NO;
				GCC_NO_COMMON_BLOCKS = YES;
				GCC_OPTIMIZATION_LEVEL = 0;
				GCC_PREPROCESSOR_DEFINITIONS = (
					"DEBUG=1",
					"$(inherited)",
				);
				GCC_WARN_64_TO_32_BIT_CONVERSION = YES;
				GCC_WARN_ABOUT_RETURN_TYPE = YES_ERROR;
				GCC_WARN_UNDECLARED_SELECTOR = YES;
				GCC_WARN_UNINITIALIZED_AUTOS = YES_AGGRESSIVE;
				GCC_WARN_UNUSED_FUNCTION = YES;
				GCC_WARN_UNUSED_VARIABLE = YES;
				IPHONEOS_DEPLOYMENT_TARGET = 15.2;
				MTL_ENABLE_DEBUG_INFO = INCLUDE_SOURCE;
				MTL_FAST_MATH = YES;
				ONLY_ACTIVE_ARCH = YES;
				SDKROOT = iphoneos;
				SWIFT_ACTIVE_COMPILATION_CONDITIONS = DEBUG;
				SWIFT_OPTIMIZATION_LEVEL = "-Onone";
			};
			name = Debug;
		};
		2FA3771328AE29C300B73E6F /* Release */ = {
			isa = XCBuildConfiguration;
			buildSettings = {
				ALWAYS_SEARCH_USER_PATHS = NO;
				CLANG_ANALYZER_NONNULL = YES;
				CLANG_ANALYZER_NUMBER_OBJECT_CONVERSION = YES_AGGRESSIVE;
				CLANG_CXX_LANGUAGE_STANDARD = "gnu++17";
				CLANG_CXX_LIBRARY = "libc++";
				CLANG_ENABLE_MODULES = YES;
				CLANG_ENABLE_OBJC_ARC = YES;
				CLANG_ENABLE_OBJC_WEAK = YES;
				CLANG_WARN_BLOCK_CAPTURE_AUTORELEASING = YES;
				CLANG_WARN_BOOL_CONVERSION = YES;
				CLANG_WARN_COMMA = YES;
				CLANG_WARN_CONSTANT_CONVERSION = YES;
				CLANG_WARN_DEPRECATED_OBJC_IMPLEMENTATIONS = YES;
				CLANG_WARN_DIRECT_OBJC_ISA_USAGE = YES_ERROR;
				CLANG_WARN_DOCUMENTATION_COMMENTS = YES;
				CLANG_WARN_EMPTY_BODY = YES;
				CLANG_WARN_ENUM_CONVERSION = YES;
				CLANG_WARN_INFINITE_RECURSION = YES;
				CLANG_WARN_INT_CONVERSION = YES;
				CLANG_WARN_NON_LITERAL_NULL_CONVERSION = YES;
				CLANG_WARN_OBJC_IMPLICIT_RETAIN_SELF = YES;
				CLANG_WARN_OBJC_LITERAL_CONVERSION = YES;
				CLANG_WARN_OBJC_ROOT_CLASS = YES_ERROR;
				CLANG_WARN_QUOTED_INCLUDE_IN_FRAMEWORK_HEADER = YES;
				CLANG_WARN_RANGE_LOOP_ANALYSIS = YES;
				CLANG_WARN_STRICT_PROTOTYPES = YES;
				CLANG_WARN_SUSPICIOUS_MOVE = YES;
				CLANG_WARN_UNGUARDED_AVAILABILITY = YES_AGGRESSIVE;
				CLANG_WARN_UNREACHABLE_CODE = YES;
				CLANG_WARN__DUPLICATE_METHOD_MATCH = YES;
				COPY_PHASE_STRIP = NO;
				DEBUG_INFORMATION_FORMAT = "dwarf-with-dsym";
				ENABLE_NS_ASSERTIONS = NO;
				ENABLE_STRICT_OBJC_MSGSEND = YES;
				GCC_C_LANGUAGE_STANDARD = gnu11;
				GCC_NO_COMMON_BLOCKS = YES;
				GCC_WARN_64_TO_32_BIT_CONVERSION = YES;
				GCC_WARN_ABOUT_RETURN_TYPE = YES_ERROR;
				GCC_WARN_UNDECLARED_SELECTOR = YES;
				GCC_WARN_UNINITIALIZED_AUTOS = YES_AGGRESSIVE;
				GCC_WARN_UNUSED_FUNCTION = YES;
				GCC_WARN_UNUSED_VARIABLE = YES;
				IPHONEOS_DEPLOYMENT_TARGET = 15.2;
				MTL_ENABLE_DEBUG_INFO = NO;
				MTL_FAST_MATH = YES;
				SDKROOT = iphoneos;
				SWIFT_COMPILATION_MODE = wholemodule;
				SWIFT_OPTIMIZATION_LEVEL = "-O";
				VALIDATE_PRODUCT = YES;
			};
			name = Release;
		};
		2FA3771528AE29C300B73E6F /* Debug */ = {
			isa = XCBuildConfiguration;
			buildSettings = {
				ASSETCATALOG_COMPILER_APPICON_NAME = AppIcon;
				ASSETCATALOG_COMPILER_GLOBAL_ACCENT_COLOR_NAME = AccentColor;
				CODE_SIGN_ENTITLEMENTS = tribie/tribie.entitlements;
				CODE_SIGN_STYLE = Automatic;
				CURRENT_PROJECT_VERSION = 1;
				DEVELOPMENT_ASSET_PATHS = "\"tribie/Preview Content\"";
				DEVELOPMENT_TEAM = KZ9PN4535G;
				ENABLE_PREVIEWS = YES;
				GENERATE_INFOPLIST_FILE = YES;
				INFOPLIST_KEY_UIApplicationSceneManifest_Generation = YES;
				INFOPLIST_KEY_UIApplicationSupportsIndirectInputEvents = YES;
				INFOPLIST_KEY_UILaunchScreen_Generation = YES;
				INFOPLIST_KEY_UISupportedInterfaceOrientations_iPad = "UIInterfaceOrientationPortrait UIInterfaceOrientationPortraitUpsideDown UIInterfaceOrientationLandscapeLeft UIInterfaceOrientationLandscapeRight";
				INFOPLIST_KEY_UISupportedInterfaceOrientations_iPhone = "UIInterfaceOrientationPortrait UIInterfaceOrientationLandscapeLeft UIInterfaceOrientationLandscapeRight";
				LD_RUNPATH_SEARCH_PATHS = (
					"$(inherited)",
					"@executable_path/Frameworks",
				);
				MARKETING_VERSION = 1.0;
				PRODUCT_BUNDLE_IDENTIFIER = com.adventron.tribie;
				PRODUCT_NAME = "$(TARGET_NAME)";
				SWIFT_EMIT_LOC_STRINGS = YES;
				SWIFT_VERSION = 5.0;
				TARGETED_DEVICE_FAMILY = "1,2";
			};
			name = Debug;
		};
		2FA3771628AE29C300B73E6F /* Release */ = {
			isa = XCBuildConfiguration;
			buildSettings = {
				ASSETCATALOG_COMPILER_APPICON_NAME = AppIcon;
				ASSETCATALOG_COMPILER_GLOBAL_ACCENT_COLOR_NAME = AccentColor;
				CODE_SIGN_ENTITLEMENTS = tribie/tribie.entitlements;
				CODE_SIGN_STYLE = Automatic;
				CURRENT_PROJECT_VERSION = 1;
				DEVELOPMENT_ASSET_PATHS = "\"tribie/Preview Content\"";
				DEVELOPMENT_TEAM = KZ9PN4535G;
				ENABLE_PREVIEWS = YES;
				GENERATE_INFOPLIST_FILE = YES;
				INFOPLIST_KEY_UIApplicationSceneManifest_Generation = YES;
				INFOPLIST_KEY_UIApplicationSupportsIndirectInputEvents = YES;
				INFOPLIST_KEY_UILaunchScreen_Generation = YES;
				INFOPLIST_KEY_UISupportedInterfaceOrientations_iPad = "UIInterfaceOrientationPortrait UIInterfaceOrientationPortraitUpsideDown UIInterfaceOrientationLandscapeLeft UIInterfaceOrientationLandscapeRight";
				INFOPLIST_KEY_UISupportedInterfaceOrientations_iPhone = "UIInterfaceOrientationPortrait UIInterfaceOrientationLandscapeLeft UIInterfaceOrientationLandscapeRight";
				LD_RUNPATH_SEARCH_PATHS = (
					"$(inherited)",
					"@executable_path/Frameworks",
				);
				MARKETING_VERSION = 1.0;
				PRODUCT_BUNDLE_IDENTIFIER = com.adventron.tribie;
				PRODUCT_NAME = "$(TARGET_NAME)";
				SWIFT_EMIT_LOC_STRINGS = YES;
				SWIFT_VERSION = 5.0;
				TARGETED_DEVICE_FAMILY = "1,2";
			};
			name = Release;
		};
		2FA3771828AE29C300B73E6F /* Debug */ = {
			isa = XCBuildConfiguration;
			buildSettings = {
				ALWAYS_EMBED_SWIFT_STANDARD_LIBRARIES = YES;
				BUNDLE_LOADER = "$(TEST_HOST)";
				CODE_SIGN_STYLE = Automatic;
				CURRENT_PROJECT_VERSION = 1;
				DEVELOPMENT_TEAM = KZ9PN4535G;
				GENERATE_INFOPLIST_FILE = YES;
				IPHONEOS_DEPLOYMENT_TARGET = 15.2;
				MARKETING_VERSION = 1.0;
				PRODUCT_BUNDLE_IDENTIFIER = com.adventron.tribie.tribieTests;
				PRODUCT_NAME = "$(TARGET_NAME)";
				SWIFT_EMIT_LOC_STRINGS = NO;
				SWIFT_VERSION = 5.0;
				TARGETED_DEVICE_FAMILY = "1,2";
				TEST_HOST = "$(BUILT_PRODUCTS_DIR)/tribie.app/tribie";
			};
			name = Debug;
		};
		2FA3771928AE29C300B73E6F /* Release */ = {
			isa = XCBuildConfiguration;
			buildSettings = {
				ALWAYS_EMBED_SWIFT_STANDARD_LIBRARIES = YES;
				BUNDLE_LOADER = "$(TEST_HOST)";
				CODE_SIGN_STYLE = Automatic;
				CURRENT_PROJECT_VERSION = 1;
				DEVELOPMENT_TEAM = KZ9PN4535G;
				GENERATE_INFOPLIST_FILE = YES;
				IPHONEOS_DEPLOYMENT_TARGET = 15.2;
				MARKETING_VERSION = 1.0;
				PRODUCT_BUNDLE_IDENTIFIER = com.adventron.tribie.tribieTests;
				PRODUCT_NAME = "$(TARGET_NAME)";
				SWIFT_EMIT_LOC_STRINGS = NO;
				SWIFT_VERSION = 5.0;
				TARGETED_DEVICE_FAMILY = "1,2";
				TEST_HOST = "$(BUILT_PRODUCTS_DIR)/tribie.app/tribie";
			};
			name = Release;
		};
		2FA3771B28AE29C300B73E6F /* Debug */ = {
			isa = XCBuildConfiguration;
			buildSettings = {
				ALWAYS_EMBED_SWIFT_STANDARD_LIBRARIES = YES;
				CODE_SIGN_STYLE = Automatic;
				CURRENT_PROJECT_VERSION = 1;
				DEVELOPMENT_TEAM = KZ9PN4535G;
				GENERATE_INFOPLIST_FILE = YES;
				MARKETING_VERSION = 1.0;
				PRODUCT_BUNDLE_IDENTIFIER = com.adventron.tribie.tribieUITests;
				PRODUCT_NAME = "$(TARGET_NAME)";
				SWIFT_EMIT_LOC_STRINGS = NO;
				SWIFT_VERSION = 5.0;
				TARGETED_DEVICE_FAMILY = "1,2";
				TEST_TARGET_NAME = tribie;
			};
			name = Debug;
		};
		2FA3771C28AE29C300B73E6F /* Release */ = {
			isa = XCBuildConfiguration;
			buildSettings = {
				ALWAYS_EMBED_SWIFT_STANDARD_LIBRARIES = YES;
				CODE_SIGN_STYLE = Automatic;
				CURRENT_PROJECT_VERSION = 1;
				DEVELOPMENT_TEAM = KZ9PN4535G;
				GENERATE_INFOPLIST_FILE = YES;
				MARKETING_VERSION = 1.0;
				PRODUCT_BUNDLE_IDENTIFIER = com.adventron.tribie.tribieUITests;
				PRODUCT_NAME = "$(TARGET_NAME)";
				SWIFT_EMIT_LOC_STRINGS = NO;
				SWIFT_VERSION = 5.0;
				TARGETED_DEVICE_FAMILY = "1,2";
				TEST_TARGET_NAME = tribie;
			};
			name = Release;
		};
/* End XCBuildConfiguration section */

/* Begin XCConfigurationList section */
		2FA376E628AE29C100B73E6F /* Build configuration list for PBXProject "tribie" */ = {
			isa = XCConfigurationList;
			buildConfigurations = (
				2FA3771228AE29C300B73E6F /* Debug */,
				2FA3771328AE29C300B73E6F /* Release */,
			);
			defaultConfigurationIsVisible = 0;
			defaultConfigurationName = Release;
		};
		2FA3771428AE29C300B73E6F /* Build configuration list for PBXNativeTarget "tribie" */ = {
			isa = XCConfigurationList;
			buildConfigurations = (
				2FA3771528AE29C300B73E6F /* Debug */,
				2FA3771628AE29C300B73E6F /* Release */,
			);
			defaultConfigurationIsVisible = 0;
			defaultConfigurationName = Release;
		};
		2FA3771728AE29C300B73E6F /* Build configuration list for PBXNativeTarget "tribieTests" */ = {
			isa = XCConfigurationList;
			buildConfigurations = (
				2FA3771828AE29C300B73E6F /* Debug */,
				2FA3771928AE29C300B73E6F /* Release */,
			);
			defaultConfigurationIsVisible = 0;
			defaultConfigurationName = Release;
		};
		2FA3771A28AE29C300B73E6F /* Build configuration list for PBXNativeTarget "tribieUITests" */ = {
			isa = XCConfigurationList;
			buildConfigurations = (
				2FA3771B28AE29C300B73E6F /* Debug */,
				2FA3771C28AE29C300B73E6F /* Release */,
			);
			defaultConfigurationIsVisible = 0;
			defaultConfigurationName = Release;
		};
/* End XCConfigurationList section */

/* Begin XCRemoteSwiftPackageReference section */
		2FC8FA2B28C1A54C005B90A9 /* XCRemoteSwiftPackageReference "SwiftyBeaver" */ = {
			isa = XCRemoteSwiftPackageReference;
			repositoryURL = "https://github.com/SwiftyBeaver/SwiftyBeaver";
			requirement = {
				kind = upToNextMajorVersion;
				minimumVersion = 1.0.0;
			};
		};
		2FD6225328BB19CF0012BA86 /* XCRemoteSwiftPackageReference "Alamofire" */ = {
			isa = XCRemoteSwiftPackageReference;
			repositoryURL = "https://github.com/Alamofire/Alamofire";
			requirement = {
				branch = master;
				kind = branch;
			};
		};
		2FD6226B28BB1A340012BA86 /* XCRemoteSwiftPackageReference "SwiftyJSON" */ = {
			isa = XCRemoteSwiftPackageReference;
			repositoryURL = "https://github.com/SwiftyJSON/SwiftyJSON";
			requirement = {
				branch = master;
				kind = branch;
			};
		};
		2FD6227728BB1C7E0012BA86 /* XCRemoteSwiftPackageReference "Keychain.swift" */ = {
			isa = XCRemoteSwiftPackageReference;
			repositoryURL = "https://github.com/GroupeMINASTE/Keychain.swift.git";
			requirement = {
				kind = upToNextMajorVersion;
				minimumVersion = 1.0.0;
			};
		};
		2FD6229228BB281F0012BA86 /* XCRemoteSwiftPackageReference "RxSwift" */ = {
			isa = XCRemoteSwiftPackageReference;
			repositoryURL = "https://github.com/ReactiveX/RxSwift.git";
			requirement = {
				kind = upToNextMajorVersion;
				minimumVersion = 6.0.0;
			};
		};
		2FD6229528BB764D0012BA86 /* XCRemoteSwiftPackageReference "JWTDecode" */ = {
			isa = XCRemoteSwiftPackageReference;
			repositoryURL = "https://github.com/auth0/JWTDecode.swift";
			requirement = {
				kind = upToNextMajorVersion;
				minimumVersion = 3.0.0;
			};
		};
/* End XCRemoteSwiftPackageReference section */

/* Begin XCSwiftPackageProductDependency section */
		2FC8FA2C28C1A54C005B90A9 /* SwiftyBeaver */ = {
			isa = XCSwiftPackageProductDependency;
			package = 2FC8FA2B28C1A54C005B90A9 /* XCRemoteSwiftPackageReference "SwiftyBeaver" */;
			productName = SwiftyBeaver;
		};
		2FD6225428BB19CF0012BA86 /* Alamofire */ = {
			isa = XCSwiftPackageProductDependency;
			package = 2FD6225328BB19CF0012BA86 /* XCRemoteSwiftPackageReference "Alamofire" */;
			productName = Alamofire;
		};
		2FD6226C28BB1A340012BA86 /* SwiftyJSON */ = {
			isa = XCSwiftPackageProductDependency;
			package = 2FD6226B28BB1A340012BA86 /* XCRemoteSwiftPackageReference "SwiftyJSON" */;
			productName = SwiftyJSON;
		};
		2FD6227828BB1C7E0012BA86 /* Keychain */ = {
			isa = XCSwiftPackageProductDependency;
			package = 2FD6227728BB1C7E0012BA86 /* XCRemoteSwiftPackageReference "Keychain.swift" */;
			productName = Keychain;
		};
		2FD6229328BB281F0012BA86 /* RxSwift */ = {
			isa = XCSwiftPackageProductDependency;
			package = 2FD6229228BB281F0012BA86 /* XCRemoteSwiftPackageReference "RxSwift" */;
			productName = RxSwift;
		};
		2FD6229628BB764D0012BA86 /* JWTDecode */ = {
			isa = XCSwiftPackageProductDependency;
			package = 2FD6229528BB764D0012BA86 /* XCRemoteSwiftPackageReference "JWTDecode" */;
			productName = JWTDecode;
		};
/* End XCSwiftPackageProductDependency section */

/* Begin XCVersionGroup section */
		2FA376F928AE29C300B73E6F /* tribie.xcdatamodeld */ = {
			isa = XCVersionGroup;
			children = (
				2FA376FA28AE29C300B73E6F /* tribie.xcdatamodel */,
			);
			currentVersion = 2FA376FA28AE29C300B73E6F /* tribie.xcdatamodel */;
			path = tribie.xcdatamodeld;
			sourceTree = "<group>";
			versionGroupType = wrapper.xcdatamodel;
		};
/* End XCVersionGroup section */
	};
	rootObject = 2FA376E328AE29C100B73E6F /* Project object */;
}
